{
  "version": 4,
  "terraform_version": "1.4.4",
  "serial": 44,
  "lineage": "12bcb60e-f5a2-d1e6-e6da-53ecc2e6ea22",
  "outputs": {},
  "resources": [
    {
      "mode": "data",
      "type": "alicloud_instance_types",
      "name": "default",
      "provider": "provider[\"registry.terraform.io/aliyun/alicloud\"]",
      "instances": [
        {
          "schema_version": 0,
          "attributes": {
            "availability_zone": "ap-southeast-1a",
            "cpu_core_count": 8,
            "eni_amount": null,
            "gpu_amount": null,
            "gpu_spec": null,
            "id": "2896695084",
            "ids": [
              "ecs.n2.xlarge",
              "ecs.sn2.xlarge",
              "ecs.mn4.2xlarge",
              "ecs.i1.2xlarge",
              "ecs.cm4.2xlarge",
              "ecs.d1.2xlarge",
              "ecs.sn2ne.2xlarge",
              "ecs.d1ne.2xlarge",
              "ecs.g5.2xlarge",
              "ecs.g5ne.2xlarge",
              "ecs.g6.2xlarge",
              "ecs.g6e.2xlarge",
              "ecs.t6-c1m4.2xlarge",
              "ecs.hfg6.2xlarge",
              "ecs.g6t.2xlarge",
              "ecs.g6r.2xlarge",
              "ecs.g7.2xlarge",
              "ecs.g7se.2xlarge"
            ],
            "image_id": null,
            "instance_charge_type": "PostPaid",
            "instance_type_family": null,
            "instance_types": [
              {
                "availability_zones": [
                  "ap-southeast-1a"
                ],
                "burstable_instance": {
                  "baseline_credit": "0",
                  "initial_credit": "0"
                },
                "cpu_core_count": 8,
                "eni_amount": 2,
                "family": "ecs.n2",
                "gpu": {
                  "amount": "0",
                  "category": ""
                },
                "id": "ecs.n2.xlarge",
                "local_storage": {
                  "amount": "0",
                  "capacity": "0",
                  "category": ""
                },
                "memory_size": 32,
                "nvme_support": "unsupported",
                "price": ""
              },
              {
                "availability_zones": [
                  "ap-southeast-1a"
                ],
                "burstable_instance": {
                  "baseline_credit": "0",
                  "initial_credit": "0"
                },
                "cpu_core_count": 8,
                "eni_amount": 4,
                "family": "ecs.sn2",
                "gpu": {
                  "amount": "0",
                  "category": ""
                },
                "id": "ecs.sn2.xlarge",
                "local_storage": {
                  "amount": "0",
                  "capacity": "0",
                  "category": ""
                },
                "memory_size": 32,
                "nvme_support": "unsupported",
                "price": ""
              },
              {
                "availability_zones": [
                  "ap-southeast-1a"
                ],
                "burstable_instance": {
                  "baseline_credit": "0",
                  "initial_credit": "0"
                },
                "cpu_core_count": 8,
                "eni_amount": 3,
                "family": "ecs.mn4",
                "gpu": {
                  "amount": "0",
                  "category": ""
                },
                "id": "ecs.mn4.2xlarge",
                "local_storage": {
                  "amount": "0",
                  "capacity": "0",
                  "category": ""
                },
                "memory_size": 32,
                "nvme_support": "unsupported",
                "price": ""
              },
              {
                "availability_zones": [
                  "ap-southeast-1a"
                ],
                "burstable_instance": {
                  "baseline_credit": "0",
                  "initial_credit": "0"
                },
                "cpu_core_count": 8,
                "eni_amount": 4,
                "family": "ecs.i1",
                "gpu": {
                  "amount": "0",
                  "category": ""
                },
                "id": "ecs.i1.2xlarge",
                "local_storage": {
                  "amount": "2",
                  "capacity": "208",
                  "category": "local_ssd_pro"
                },
                "memory_size": 32,
                "nvme_support": "unsupported",
                "price": ""
              },
              {
                "availability_zones": [
                  "ap-southeast-1a"
                ],
                "burstable_instance": {
                  "baseline_credit": "0",
                  "initial_credit": "0"
                },
                "cpu_core_count": 8,
                "eni_amount": 4,
                "family": "ecs.cm4",
                "gpu": {
                  "amount": "0",
                  "category": ""
                },
                "id": "ecs.cm4.2xlarge",
                "local_storage": {
                  "amount": "0",
                  "capacity": "0",
                  "category": ""
                },
                "memory_size": 32,
                "nvme_support": "unsupported",
                "price": ""
              },
              {
                "availability_zones": [
                  "ap-southeast-1a"
                ],
                "burstable_instance": {
                  "baseline_credit": "0",
                  "initial_credit": "0"
                },
                "cpu_core_count": 8,
                "eni_amount": 4,
                "family": "ecs.d1",
                "gpu": {
                  "amount": "0",
                  "category": ""
                },
                "id": "ecs.d1.2xlarge",
                "local_storage": {
                  "amount": "4",
                  "capacity": "5500",
                  "category": "local_hdd_pro"
                },
                "memory_size": 32,
                "nvme_support": "unsupported",
                "price": ""
              },
              {
                "availability_zones": [
                  "ap-southeast-1a"
                ],
                "burstable_instance": {
                  "baseline_credit": "0",
                  "initial_credit": "0"
                },
                "cpu_core_count": 8,
                "eni_amount": 4,
                "family": "ecs.sn2ne",
                "gpu": {
                  "amount": "0",
                  "category": ""
                },
                "id": "ecs.sn2ne.2xlarge",
                "local_storage": {
                  "amount": "0",
                  "capacity": "0",
                  "category": ""
                },
                "memory_size": 32,
                "nvme_support": "unsupported",
                "price": ""
              },
              {
                "availability_zones": [
                  "ap-southeast-1a"
                ],
                "burstable_instance": {
                  "baseline_credit": "0",
                  "initial_credit": "0"
                },
                "cpu_core_count": 8,
                "eni_amount": 4,
                "family": "ecs.d1ne",
                "gpu": {
                  "amount": "0",
                  "category": ""
                },
                "id": "ecs.d1ne.2xlarge",
                "local_storage": {
                  "amount": "4",
                  "capacity": "5500",
                  "category": "local_hdd_pro"
                },
                "memory_size": 32,
                "nvme_support": "unsupported",
                "price": ""
              },
              {
                "availability_zones": [
                  "ap-southeast-1a"
                ],
                "burstable_instance": {
                  "baseline_credit": "0",
                  "initial_credit": "0"
                },
                "cpu_core_count": 8,
                "eni_amount": 4,
                "family": "ecs.g5",
                "gpu": {
                  "amount": "0",
                  "category": ""
                },
                "id": "ecs.g5.2xlarge",
                "local_storage": {
                  "amount": "0",
                  "capacity": "0",
                  "category": ""
                },
                "memory_size": 32,
                "nvme_support": "unsupported",
                "price": ""
              },
              {
                "availability_zones": [
                  "ap-southeast-1a"
                ],
                "burstable_instance": {
                  "baseline_credit": "0",
                  "initial_credit": "0"
                },
                "cpu_core_count": 8,
                "eni_amount": 6,
                "family": "ecs.g5ne",
                "gpu": {
                  "amount": "0",
                  "category": ""
                },
                "id": "ecs.g5ne.2xlarge",
                "local_storage": {
                  "amount": "0",
                  "capacity": "0",
                  "category": ""
                },
                "memory_size": 32,
                "nvme_support": "unsupported",
                "price": ""
              },
              {
                "availability_zones": [
                  "ap-southeast-1a"
                ],
                "burstable_instance": {
                  "baseline_credit": "0",
                  "initial_credit": "0"
                },
                "cpu_core_count": 8,
                "eni_amount": 4,
                "family": "ecs.g6",
                "gpu": {
                  "amount": "0",
                  "category": ""
                },
                "id": "ecs.g6.2xlarge",
                "local_storage": {
                  "amount": "0",
                  "capacity": "0",
                  "category": ""
                },
                "memory_size": 32,
                "nvme_support": "unsupported",
                "price": ""
              },
              {
                "availability_zones": [
                  "ap-southeast-1a"
                ],
                "burstable_instance": {
                  "baseline_credit": "0",
                  "initial_credit": "0"
                },
                "cpu_core_count": 8,
                "eni_amount": 4,
                "family": "ecs.g6e",
                "gpu": {
                  "amount": "0",
                  "category": "0"
                },
                "id": "ecs.g6e.2xlarge",
                "local_storage": {
                  "amount": "0",
                  "capacity": "0",
                  "category": ""
                },
                "memory_size": 32,
                "nvme_support": "unsupported",
                "price": ""
              },
              {
                "availability_zones": [
                  "ap-southeast-1a"
                ],
                "burstable_instance": {
                  "baseline_credit": "320",
                  "initial_credit": "240"
                },
                "cpu_core_count": 8,
                "eni_amount": 2,
                "family": "ecs.t6",
                "gpu": {
                  "amount": "0",
                  "category": ""
                },
                "id": "ecs.t6-c1m4.2xlarge",
                "local_storage": {
                  "amount": "0",
                  "capacity": "0",
                  "category": ""
                },
                "memory_size": 32,
                "nvme_support": "unsupported",
                "price": ""
              },
              {
                "availability_zones": [
                  "ap-southeast-1a"
                ],
                "burstable_instance": {
                  "baseline_credit": "0",
                  "initial_credit": "0"
                },
                "cpu_core_count": 8,
                "eni_amount": 4,
                "family": "ecs.hfg6",
                "gpu": {
                  "amount": "0",
                  "category": ""
                },
                "id": "ecs.hfg6.2xlarge",
                "local_storage": {
                  "amount": "0",
                  "capacity": "0",
                  "category": ""
                },
                "memory_size": 32,
                "nvme_support": "unsupported",
                "price": ""
              },
              {
                "availability_zones": [
                  "ap-southeast-1a"
                ],
                "burstable_instance": {
                  "baseline_credit": "0",
                  "initial_credit": "0"
                },
                "cpu_core_count": 8,
                "eni_amount": 4,
                "family": "ecs.g6t",
                "gpu": {
                  "amount": "0",
                  "category": "0"
                },
                "id": "ecs.g6t.2xlarge",
                "local_storage": {
                  "amount": "0",
                  "capacity": "0",
                  "category": ""
                },
                "memory_size": 32,
                "nvme_support": "unsupported",
                "price": ""
              },
              {
                "availability_zones": [
                  "ap-southeast-1a"
                ],
                "burstable_instance": {
                  "baseline_credit": "0",
                  "initial_credit": "0"
                },
                "cpu_core_count": 8,
                "eni_amount": 4,
                "family": "ecs.g6r",
                "gpu": {
                  "amount": "0",
                  "category": "0"
                },
                "id": "ecs.g6r.2xlarge",
                "local_storage": {
                  "amount": "0",
                  "capacity": "0",
                  "category": ""
                },
                "memory_size": 32,
                "nvme_support": "unsupported",
                "price": ""
              },
              {
                "availability_zones": [
                  "ap-southeast-1a"
                ],
                "burstable_instance": {
                  "baseline_credit": "0",
                  "initial_credit": "0"
                },
                "cpu_core_count": 8,
                "eni_amount": 4,
                "family": "ecs.g7",
                "gpu": {
                  "amount": "0",
                  "category": ""
                },
                "id": "ecs.g7.2xlarge",
                "local_storage": {
                  "amount": "0",
                  "capacity": "0",
                  "category": ""
                },
                "memory_size": 32,
                "nvme_support": "unsupported",
                "price": ""
              },
              {
                "availability_zones": [
                  "ap-southeast-1a"
                ],
                "burstable_instance": {
                  "baseline_credit": "0",
                  "initial_credit": "0"
                },
                "cpu_core_count": 8,
                "eni_amount": 4,
                "family": "ecs.g7se",
                "gpu": {
                  "amount": "0",
                  "category": ""
                },
                "id": "ecs.g7se.2xlarge",
                "local_storage": {
                  "amount": "0",
                  "capacity": "0",
                  "category": ""
                },
                "memory_size": 32,
                "nvme_support": "required",
                "price": ""
              }
            ],
            "is_outdated": null,
            "kubernetes_node_role": "Worker",
            "memory_size": 32,
            "minimum_eni_ipv6_address_quantity": null,
            "network_type": null,
            "output_file": null,
            "sorted_by": null,
            "spot_strategy": "NoSpot",
            "system_disk_category": null
          },
          "sensitive_attributes": []
        }
      ]
    },
    {
      "mode": "data",
      "type": "alicloud_zones",
      "name": "default",
      "provider": "provider[\"registry.terraform.io/aliyun/alicloud\"]",
      "instances": [
        {
          "schema_version": 0,
          "attributes": {
            "available_disk_category": null,
            "available_instance_type": "ecs.n2.xlarge",
            "available_resource_creation": null,
            "available_slb_address_ip_version": null,
            "available_slb_address_type": null,
            "enable_details": false,
            "id": "1135358518",
            "ids": [
              "ap-southeast-1a",
              "ap-southeast-1b",
              "ap-southeast-1c"
            ],
            "instance_charge_type": "PostPaid",
            "multi": false,
            "network_type": null,
            "output_file": null,
            "spot_strategy": "NoSpot",
            "zones": [
              {
                "available_disk_categories": [],
                "available_instance_types": [],
                "available_resource_creation": [],
                "id": "ap-southeast-1a",
                "local_name": "",
                "multi_zone_ids": [],
                "slb_slave_zone_ids": []
              },
              {
                "available_disk_categories": [],
                "available_instance_types": [],
                "available_resource_creation": [],
                "id": "ap-southeast-1b",
                "local_name": "",
                "multi_zone_ids": [],
                "slb_slave_zone_ids": []
              },
              {
                "available_disk_categories": [],
                "available_instance_types": [],
                "available_resource_creation": [],
                "id": "ap-southeast-1c",
                "local_name": "",
                "multi_zone_ids": [],
                "slb_slave_zone_ids": []
              }
            ]
          },
          "sensitive_attributes": []
        }
      ]
    },
    {
      "mode": "managed",
      "type": "alicloud_cs_kubernetes_node_pool",
      "name": "flannel",
      "provider": "provider[\"registry.terraform.io/aliyun/alicloud\"]",
      "instances": [
        {
          "schema_version": 0,
          "attributes": {
            "auto_renew": null,
            "auto_renew_period": null,
            "cis_enabled": false,
            "cluster_id": "cf9fb4b059b6c4082b7b32b16cd505681",
            "cpu_policy": null,
            "data_disks": [
              {
                "auto_snapshot_policy_id": "",
                "category": "cloud_essd",
                "device": "",
                "encrypted": "",
                "kms_key_id": "",
                "name": "",
                "performance_level": "",
                "size": 120,
                "snapshot_id": ""
              }
            ],
            "deployment_set_id": "",
            "desired_size": 1,
            "format_disk": null,
            "id": "cf9fb4b059b6c4082b7b32b16cd505681:npa7518fd160d14e6498931f9e2cd20ef2",
            "image_id": "aliyun_2_1903_x64_20G_alibase_20221102.vhd",
            "image_type": "AliyunLinux",
            "install_cloud_monitor": true,
            "instance_charge_type": "PostPaid",
            "instance_types": [
              "ecs.g6.2xlarge",
              "ecs.g6.xlarge"
            ],
            "instances": null,
            "internet_charge_type": "",
            "internet_max_bandwidth_out": 0,
            "keep_instance_name": null,
            "key_name": "",
            "kms_encrypted_password": null,
            "kms_encryption_context": null,
            "kubelet_configuration": [],
            "labels": [],
            "management": [],
            "name": "default-nodepool",
            "node_count": 1,
            "node_name_mode": "nodeip",
            "password": "yjh@ACK123",
            "period": null,
            "period_unit": null,
            "platform": "AliyunLinux",
            "polardb_ids": [],
            "rds_instances": [],
            "resource_group_id": "",
            "rolling_policy": [],
            "rollout_policy": [],
            "runtime_name": "containerd",
            "runtime_version": "1.5.13",
            "scaling_config": [],
            "scaling_group_id": "asg-t4n1aqkp9q3uuj35p1ye",
            "scaling_policy": "release",
            "security_group_id": "sg-t4n5utshgmmec3nvn8t2",
            "security_group_ids": [
              "sg-t4n5utshgmmec3nvn8t2"
            ],
            "soc_enabled": false,
            "spot_price_limit": [],
            "spot_strategy": "NoSpot",
            "system_disk_category": "cloud_efficiency",
            "system_disk_encrypt_algorithm": "",
            "system_disk_encrypted": false,
            "system_disk_kms_key": "",
            "system_disk_performance_level": "",
            "system_disk_size": 100,
            "system_disk_snapshot_policy_id": "",
            "tags": {},
            "taints": [],
            "timeouts": null,
            "unschedulable": false,
            "user_data": "",
            "vpc_id": "",
            "vswitch_ids": [
              "vsw-t4nqsvkmnbnl3uoiyb46x",
              "vsw-t4ni9kya66z0pvo7mpc5a",
              "vsw-t4n7fwu3ff1b96c0gohj9"
            ]
          },
          "sensitive_attributes": [],
          "private": "eyJlMmJmYjczMC1lY2FhLTExZTYtOGY4OC0zNDM2M2JjN2M0YzAiOnsiY3JlYXRlIjo1NDAwMDAwMDAwMDAwLCJkZWxldGUiOjM2MDAwMDAwMDAwMDAsInVwZGF0ZSI6MzYwMDAwMDAwMDAwMH19",
          "dependencies": [
            "alicloud_cs_managed_kubernetes.flannel",
            "alicloud_vpc.default",
            "alicloud_vswitch.vswitches"
          ]
        }
      ]
    },
    {
      "mode": "managed",
      "type": "alicloud_cs_managed_kubernetes",
      "name": "flannel",
      "provider": "provider[\"registry.terraform.io/aliyun/alicloud\"]",
      "instances": [
        {
          "schema_version": 0,
          "attributes": {
            "addons": [
              {
                "config": "",
                "disabled": false,
                "name": "flannel"
              },
              {
                "config": "{\"IngressDashboardEnabled\":\"true\"}",
                "disabled": false,
                "name": "logtail-ds"
              },
              {
                "config": "{\"IngressSlbNetworkType\":\"internet\"}",
                "disabled": false,
                "name": "nginx-ingress-controller"
              },
              {
                "config": "",
                "disabled": false,
                "name": "arms-prometheus"
              },
              {
                "config": "{\"sls_project_name\":\"\"}",
                "disabled": false,
                "name": "ack-node-problem-detector"
              },
              {
                "config": "",
                "disabled": false,
                "name": "csi-plugin"
              },
              {
                "config": "",
                "disabled": false,
                "name": "csi-provisioner"
              },
              {
                "config": "",
                "disabled": false,
                "name": "ack-virtual-node"
              }
            ],
            "api_audiences": null,
            "availability_zone": null,
            "certificate_authority": {
              "client_cert": "LS0tLS1CRUdJTiBDRVJUSUZJQ0FURS0tLS0tCk1JSUQvekNDQXVlZ0F3SUJBZ0lFQUxIN2VUQU5CZ2txaGtpRzl3MEJBUXNGQURCcU1Tb3dLQVlEVlFRS0V5RmoKWmpsbVlqUmlNRFU1WWpaak5EQTRNbUkzWWpNeVlqRTJZMlExTURVMk9ERXhFREFPQmdOVkJBc1RCMlJsWm1GMQpiSFF4S2pBb0JnTlZCQU1USVdObU9XWmlOR0l3TlRsaU5tTTBNRGd5WWpkaU16SmlNVFpqWkRVd05UWTRNVEFlCkZ3MHlNekEwTVRFd09EUTFNREJhRncweU5qQTBNVEF3T0RVd01EZGFNRW94RlRBVEJnTlZCQW9UREhONWMzUmwKYlRwMWMyVnljekVKTUFjR0ExVUVDeE1BTVNZd0pBWURWUVFERXgweU5qVXpPRE14TnpjMk56VXlNVE16TURFdApNVFk0TVRJd016QXdOekNDQVNJd0RRWUpLb1pJaHZjTkFRRUJCUUFEZ2dFUEFEQ0NBUW9DZ2dFQkFOSE81SnFJCkhUOWl4L0RIZ1drMFBZR1lpM3VKWGNDYU9IZjR2UHVzSlcxZHYvRERsc1hRSHhkZVhQSWx1ZVZXeUhVbzFMZXUKY3I1RjM5UTh6eVdpaTFKK1pSSnM5em8rK0l3NGEzNVExaXNRS2JGZFlrUlpzSmlaNzg4a21uRnVvVTVXVDdRbgpBUUh1d0FGNmlzcXFRVGgzZWFlWllVcHE1QW94d25ZMGZaajZjdlpoa2xtbWNPQ1IzaFg4WHl1THl1SFhETUpICjVlYkRoc2hqLzlwdmVTb0hMajY1Wm1sL1R3TkgwY3ZpVUxtTXBFQm9sck1lVlVhSUNWeW5TVnZnMzcxcnQ5L0UKYTkyNzMzSzVUZkVndy9LaUZxWmlleFROUDJlZnROZTFJYnhidU93K0hITWNNUjY5YXd1VHJORTViNGtvL0lFSwpJY0pxVlJtdkEzd05KMFVDQXdFQUFhT0J6RENCeVRBT0JnTlZIUThCQWY4RUJBTUNCNEF3RXdZRFZSMGxCQXd3CkNnWUlLd1lCQlFVSEF3SXdEQVlEVlIwVEFRSC9CQUl3QURBZkJnTlZIU01FR0RBV2dCU3ZOL0lHOEcwazU0YnkKN0RicjVGeEc5d2FVbFRBOEJnZ3JCZ0VGQlFjQkFRUXdNQzR3TEFZSUt3WUJCUVVITUFHR0lHaDBkSEE2THk5agpaWEowY3k1aFkzTXVZV3hwZVhWdUxtTnZiUzl2WTNOd01EVUdBMVVkSHdRdU1Dd3dLcUFvb0NhR0pHaDBkSEE2Ckx5OWpaWEowY3k1aFkzTXVZV3hwZVhWdUxtTnZiUzl5YjI5MExtTnliREFOQmdrcWhraUc5dzBCQVFzRkFBT0MKQVFFQXBxRFhBR1NOa0JNM0lwcEoyVTJodkdhNUtOWkxuTmxlcFZNNU0rVWJLeGlEbmJDOEhMYitzZlloSUZ1aAo3UjlaUVN2bCtmRFVta2RPamFJTkNNdTQ3SUNaUTVOSWkxSG0xMjNGNENEakdkME85NlV5K3gwd0k1dkJBZnJpCkJsNVA2NTlCeTZsTk1wZmwwOWt1ZGl3L0V4OThjaWxSbjJTSFhjTkVndXlCbFV2NitwV1A3bnA0U0k3OHc5TmQKNFdyNkZ0Y1BSSjdWd0RFcXB5dHg5L2pyRnU0QXV4dnR5allkQUJoZjVYa01kZkVkWWJUYWdOQnYrWUdhV0NoVgp3MEVpT3U3OGYyRVRZMHNmd0FqVEV1M2ZpOE9BVlhxMEduN2VZQVd2bUUxZnl2MU5xRHFNa1pNZ2lTb3dSL1paClVJNUpsU2NEMXRBQ0VpMytEZ0dDVU43REpRPT0KLS0tLS1FTkQgQ0VSVElGSUNBVEUtLS0tLQo=",
              "client_key": "LS0tLS1CRUdJTiBSU0EgUFJJVkFURSBLRVktLS0tLQpNSUlFcFFJQkFBS0NBUUVBMGM3a21vZ2RQMkxIOE1lQmFUUTlnWmlMZTRsZHdKbzRkL2k4KzZ3bGJWMi84TU9XCnhkQWZGMTVjOGlXNTVWYklkU2pVdDY1eXZrWGYxRHpQSmFLTFVuNWxFbXozT2o3NGpEaHJmbERXS3hBcHNWMWkKUkZtd21KbnZ6eVNhY1c2aFRsWlB0Q2NCQWU3QUFYcUt5cXBCT0hkNXA1bGhTbXJrQ2pIQ2RqUjltUHB5OW1HUwpXYVp3NEpIZUZmeGZLNHZLNGRjTXdrZmw1c09HeUdQLzJtOTVLZ2N1UHJsbWFYOVBBMGZSeStKUXVZeWtRR2lXCnN4NVZSb2dKWEtkSlcrRGZ2V3UzMzhScjNidmZjcmxOOFNERDhxSVdwbUo3Rk0wL1o1KzAxN1VodkZ1NDdENGMKY3h3eEhyMXJDNU9zMFRsdmlTajhnUW9od21wVkdhOERmQTBuUlFJREFRQUJBb0lCQVFDTy90N0ovL2xIS1ZFeQpaeGRwbDZSUC9xTWFXSjVnVmZ3a3NKQkZTNmZhcVduWGM4Y0FIWUFEVWxvdzQ4dVdacGFMVzMvWGpQdEJlYWc3CkpCTGZDTERDVWNrYlRNOFhrTEdnQ0JnamFINy9ySzF0NkVMQWFReTJoVHh2eHZmSVZlbDAxZGpPNVVLSGlheXQKbFZLaEhIY0ZRRkRYRE8vRlk2TDIyOEU1QlQrUkVlejRTSEVTWFVrUEVZZGVJVk1ocktpcXlyNFV4TmhxeWJhcQpnQlpHVlpGYkh1UnNpeHNLS0ZOYytOUC95b0IxczRnRFNmZmFMRUJ0SDNPZ3NzaHlYQlEveXVNc3IwNWpGanQxCkF0ZDdEcEdYeFY4MGkyM0g0WlkrL0RKY2tXOFY3dVV5M3Bxd1ZuQUkxRS96b1hYK0tid2tqSkp3bzhFcWoxcngKa1NrRytzc2xBb0dCQU5yYlFGeDJIQ3NZR053SFY5Q2dZMVpaOGlsaExHLzNEa29QaEcwZmY3cVBHQXNWWi80SwpWU0tBbndoYWRzdGpoakZIa3gvUTlUOENKMVpwcW4rLzE0S2sxRXl0WUpWS3NTNEw5bW5nMUlCQWF2UFFZYzZzCk15b2QxT0FSL0VkUHlJN0lKRmVLWWJBMWp2TlBmaS9ydVkwMGFxcWJxY0hEM3czVlY4Tk5vaVFEQW9HQkFQVnEKaEhDeGJlZnMzK0hqclZBUG1wWWJvaG9pRy9iSE1WRTNVQjY0ZGlPOFhRYXo5M0lrWUc5UmhoYjZiM0lDU1FPYQpOMFloMXlNdGRYNWRGcktxa3VsUUpPbk1TTHdFM2htdno0eHFXL25YTmd3WnNQNjhxU2ZmSCtHMEdYazFLNlVsCnhRUnBpSFlnOWxlanhtNjJzd1hTeHNBdXBQQ01JSXFmSkNjYkova1hBb0dCQU1LeUZobXJRUGZkWWhBcndDVnEKNmJSaUpCcEh4ajU4N0l0YUxwYmRWTVhra3FFWmsvL2R0VXNTWFdnVEFtZUJ6Rmwrc1JXMjBOWVMxbWY3YktCbApUQlYvQ1JhRmpzeUJQQW9ZdmtnR3FVVEhDZDZJM05uOU95OFdodEFuYitVSXh3U3ViQllzbHljcEhsaTV1U3BzCmJBK0FOL3c2cXRRanFnVW1iQUxreDM5OUFvR0JBTHp0WjArcUI4WUhvTUt4RjNjT3pCN0szeHZuTGtmb1NKc1IKVGVpWWNMcEtCQU5wQUJFcTErSmFqRE9jVDdjZzh6eUd1QTZSZHFGcUdZMVI5R3RPelJJMzFITDRCUFpaZVBHbApXczNxQXl4dTlQaVR2cUljY3N4ekJJUW90WU9OM3krZngvQUJuai95V0RKWHJpY0ZGd1Jnb3dqSDM4b2UxZDVoCmJOOStGR081QW9HQWNNOXJLQ0kreVZMTXVTU1Fpemw4NlVXQTltVHh4eEQ1SWNjQWVEdnc2TWI4Um9YVTc2SE4KYmQvMEtjN05rajFRbkZ4TjEzdmxlTnluekp3WXptakkyKzZ0aHBXUVUrRDgzbXljNzhabGRTOVhkcUpxdTZLWQpHRmRpV1AraUlPQXk2WU9KRFpPa0F2UTIveGZwSnBzL3BFRXhYVzJaRjh2UHpPK0RWVFVqcFRJPQotLS0tLUVORCBSU0EgUFJJVkFURSBLRVktLS0tLQo=",
              "cluster_cert": "LS0tLS1CRUdJTiBDRVJUSUZJQ0FURS0tLS0tCk1JSURUakNDQWphZ0F3SUJBZ0lVYTJtMVZCQVp5YjNQa2NBTm4yTjB3Z1ZjN0Nrd0RRWUpLb1pJaHZjTkFRRUwKQlFBd1BqRW5NQThHQTFVRUNoTUlhR0Z1WjNwb2IzVXdGQVlEVlFRS0V3MWhiR2xpWVdKaElHTnNiM1ZrTVJNdwpFUVlEVlFRREV3cHJkV0psY201bGRHVnpNQ0FYRFRJek1EUXhNVEE0TkRnd01Gb1lEekl3TlRNd05EQXpNRGcwCk9EQXdXakErTVNjd0R3WURWUVFLRXdob1lXNW5lbWh2ZFRBVUJnTlZCQW9URFdGc2FXSmhZbUVnWTJ4dmRXUXgKRXpBUkJnTlZCQU1UQ210MVltVnlibVYwWlhNd2dnRWlNQTBHQ1NxR1NJYjNEUUVCQVFVQUE0SUJEd0F3Z2dFSwpBb0lCQVFEVVV3bXFpdGNHT2t4MUgzT0F6SGxOcGdPRTZMVm1PL3lLWXlCUjN3YWZWKzJGSm5OckZRWDdsaWxQCkhnZGJ0Uk5uUzBhdEh4ZDJXWGhndHBYeGtudThKeTJNdjcrTDJMMkRmWUNaTS85dmxjdkd3dFR5ZFVFelVpODEKd2wwNEhyN2tRQlJCMHpMVE52OE9sRjd2Z1NvNnhzOTNUcDIxb3lFODJ4VmJUQ0tXcDFxbXBLQUhyRG1UL2xUbAp3OVEvTERNWG14WHlxTUs0ODFjQVhKRGNqSGdQOXFmS3ByUDdrTDdPTVJIQTNMOG9tWHljRFVPNDQydC8vUVgrClFqcGpObzFRcStEbVJTS242Y3JDNlp5NENNaXZTSG8ybzY1YjJJT0pvYitVUEtCTjlObFRha0YvZ05tREdsa2QKakxPTXVINDlndmpsa2RuTHhQdGxaY1BrbVlCSkFnTUJBQUdqUWpCQU1BNEdBMVVkRHdFQi93UUVBd0lDckRBUApCZ05WSFJNQkFmOEVCVEFEQVFIL01CMEdBMVVkRGdRV0JCVFlhNVg4UjhOM05oL054cE9iV0RoWGdpU2VoREFOCkJna3Foa2lHOXcwQkFRc0ZBQU9DQVFFQXFWNjdHNDBWQTl5ZjNUMnlaSW9rREFOZ0wvc0haUnI5bi9LTHM1ek0KcFJHV0hkVktrQytaUk9sS282NGJIOU9ReGp5VEY2MVJVUXluQkVXekhwYmVCb3JFYzc5MjU1VjNiNVM3UFpVeQpxTVFYVmliRDc3TzNNSkQ5N2s4WjZLanYveVBabUo0MnZPV2s3TUdjOVJLSG5WcHQ4UnRvU1JIOVZHMkp4b0l6Ci92UjZ6YU41Ny9rU3pLeHp6ZlB2ZU5XcnY0TzRyUC9tRkgvMGw4N3IvVjMyZmtjQm96S1pzSXQzc3hpYXhKSlIKR3lZN25ieFMxYWU4U1hQblIyZUJLSDc1M1NoUlJBdTVUR0c3R1MwT3lSN2MzeGFjbE83QU05aWZqSGlkS0lKZwpSeVFkT3daTjB4cWVFTXpXbEZOZ1MrajBVQUVmMWVmd1o3WSt6M3pwVWdJV1BBPT0KLS0tLS1FTkQgQ0VSVElGSUNBVEUtLS0tLQo="
            },
            "client_cert": null,
            "client_key": null,
            "cluster_ca_cert": null,
            "cluster_domain": "cluster.local",
            "cluster_network_type": null,
            "cluster_spec": "ack.pro.small",
            "connections": {
              "api_server_internet": "https://8.222.223.35:6443",
              "api_server_intranet": "https://172.16.3.113:6443",
              "master_public_ip": "8.222.223.35",
              "service_domain": "*.cf9fb4b059b6c4082b7b32b16cd505681.ap-southeast-1.alicontainer.com"
            },
            "control_plane_log_components": [
              "apiserver",
              "kcm",
              "scheduler",
              "ccm"
            ],
            "control_plane_log_project": null,
            "control_plane_log_ttl": null,
            "cpu_policy": null,
            "custom_san": null,
            "deletion_protection": false,
            "enable_rrsa": true,
            "enable_ssh": null,
            "encryption_provider_key": null,
            "exclude_autoscaler_nodes": null,
            "force_update": null,
            "id": "cf9fb4b059b6c4082b7b32b16cd505681",
            "image_id": null,
            "install_cloud_monitor": true,
            "is_enterprise_security_group": null,
            "key_name": null,
            "kms_encrypted_password": null,
            "kms_encryption_context": null,
            "kube_config": null,
            "load_balancer_spec": "slb.s1.small",
            "log_config": [],
            "maintenance_window": [
              {
                "duration": "",
                "enable": false,
                "maintenance_time": "",
                "weekly_period": ""
              }
            ],
            "name": "tf-ack-sg-flannel",
            "name_prefix": "Terraform-Creation",
            "nat_gateway_id": "ngw-t4nwm726kigp4s3uymj68",
            "new_nat_gateway": true,
            "node_cidr_mask": 24,
            "node_name_mode": null,
            "node_port_range": null,
            "os_type": "Linux",
            "password": null,
            "platform": "CentOS",
            "pod_cidr": "10.10.0.0/16",
            "pod_vswitch_ids": null,
            "proxy_mode": "ipvs",
            "rds_instances": null,
            "resource_group_id": "rg-acfnvk5wgc6oalq",
            "retain_resources": null,
            "rrsa_metadata": [
              {
                "enabled": true,
                "ram_oidc_provider_arn": "acs:ram::5498321147060270:oidc-provider/ack-rrsa-cf9fb4b059b6c4082b7b32b16cd505681",
                "ram_oidc_provider_name": "ack-rrsa-cf9fb4b059b6c4082b7b32b16cd505681",
                "rrsa_oidc_issuer_url": "https://oidc-ack-ap-southeast-1.oss-ap-southeast-1.aliyuncs.com/cf9fb4b059b6c4082b7b32b16cd505681"
              }
            ],
            "runtime": null,
            "security_group_id": "sg-t4n5utshgmmec3nvn8t2",
            "service_account_issuer": null,
            "service_cidr": "10.12.0.0/16",
            "slb_id": "lb-gs59yhmjr8jwxebtok4zb",
            "slb_internet": "8.222.223.35",
            "slb_internet_enabled": true,
            "slb_intranet": "172.16.3.113",
            "tags": {},
            "taints": [],
            "timeouts": null,
            "timezone": null,
            "user_ca": null,
            "user_data": null,
            "version": "1.24.6-aliyun.1",
            "vpc_id": "vpc-t4np6e8a2uosljpnkffeh",
            "vswitch_ids": null,
            "worker_auto_renew": false,
            "worker_auto_renew_period": 1,
            "worker_data_disk_category": null,
            "worker_data_disk_size": null,
            "worker_data_disks": [],
            "worker_disk_category": null,
            "worker_disk_performance_level": null,
            "worker_disk_size": null,
            "worker_disk_snapshot_policy_id": null,
            "worker_instance_charge_type": "PostPaid",
            "worker_instance_type": null,
            "worker_instance_types": null,
            "worker_nodes": [],
            "worker_number": 0,
            "worker_numbers": null,
            "worker_period": 3,
            "worker_period_unit": "Month",
            "worker_ram_role_name": "KubernetesWorkerRole-a501f6e3-d625-4825-a637-638b06659b02",
            "worker_vswitch_ids": [
              "vsw-t4nqsvkmnbnl3uoiyb46x",
              "vsw-t4ni9kya66z0pvo7mpc5a",
              "vsw-t4n7fwu3ff1b96c0gohj9"
            ]
          },
          "sensitive_attributes": [],
          "private": "eyJlMmJmYjczMC1lY2FhLTExZTYtOGY4OC0zNDM2M2JjN2M0YzAiOnsiY3JlYXRlIjo1NDAwMDAwMDAwMDAwLCJkZWxldGUiOjM2MDAwMDAwMDAwMDAsInVwZGF0ZSI6MzYwMDAwMDAwMDAwMH19",
          "dependencies": [
            "alicloud_vswitch.vswitches"
          ]
        }
      ]
    },
    {
      "mode": "managed",
      "type": "alicloud_vpc",
      "name": "default",
      "provider": "provider[\"registry.terraform.io/aliyun/alicloud\"]",
      "instances": [
        {
          "schema_version": 0,
          "attributes": {
            "cidr_block": "172.16.0.0/12",
            "description": "",
            "dry_run": null,
            "enable_ipv6": null,
            "id": "vpc-t4np6e8a2uosljpnkffeh",
            "ipv6_cidr_block": "",
            "name": "tf-vpc-172-16",
            "resource_group_id": "rg-acfnvk5wgc6oalq",
            "route_table_id": "vtb-t4n6ahke0wlvo0tw67r97",
            "router_id": "vrt-t4n4dzb2cwhu6096c54u2",
            "router_table_id": "vtb-t4n6ahke0wlvo0tw67r97",
            "secondary_cidr_blocks": [],
            "status": "Available",
            "tags": null,
            "timeouts": null,
            "user_cidrs": [],
            "vpc_name": "tf-vpc-172-16"
          },
          "sensitive_attributes": [],
          "private": "eyJlMmJmYjczMC1lY2FhLTExZTYtOGY4OC0zNDM2M2JjN2M0YzAiOnsiY3JlYXRlIjo2MDAwMDAwMDAwMDAsImRlbGV0ZSI6NjAwMDAwMDAwMDAwfX0="
        }
      ]
    },
    {
      "mode": "managed",
      "type": "alicloud_vswitch",
      "name": "vswitches",
      "provider": "provider[\"registry.terraform.io/aliyun/alicloud\"]",
      "instances": [
        {
          "index_key": 0,
          "schema_version": 0,
          "attributes": {
            "availability_zone": "ap-southeast-1a",
            "cidr_block": "172.16.0.0/23",
            "description": "",
            "enable_ipv6": null,
            "id": "vsw-t4nqsvkmnbnl3uoiyb46x",
            "ipv6_cidr_block": "",
            "ipv6_cidr_block_mask": null,
            "name": "",
            "status": "Available",
            "tags": {},
            "timeouts": null,
            "vpc_id": "vpc-t4np6e8a2uosljpnkffeh",
            "vswitch_name": "",
            "zone_id": "ap-southeast-1a"
          },
          "sensitive_attributes": [],
          "private": "eyJlMmJmYjczMC1lY2FhLTExZTYtOGY4OC0zNDM2M2JjN2M0YzAiOnsiY3JlYXRlIjo2MDAwMDAwMDAwMDAsImRlbGV0ZSI6NjAwMDAwMDAwMDAwfX0=",
          "dependencies": [
            "alicloud_vpc.default"
          ]
        },
        {
          "index_key": 1,
          "schema_version": 0,
          "attributes": {
            "availability_zone": "ap-southeast-1b",
            "cidr_block": "172.16.2.0/23",
            "description": "",
            "enable_ipv6": null,
            "id": "vsw-t4ni9kya66z0pvo7mpc5a",
            "ipv6_cidr_block": "",
            "ipv6_cidr_block_mask": null,
            "name": "",
            "status": "Available",
            "tags": {},
            "timeouts": null,
            "vpc_id": "vpc-t4np6e8a2uosljpnkffeh",
            "vswitch_name": "",
            "zone_id": "ap-southeast-1b"
          },
          "sensitive_attributes": [],
          "private": "eyJlMmJmYjczMC1lY2FhLTExZTYtOGY4OC0zNDM2M2JjN2M0YzAiOnsiY3JlYXRlIjo2MDAwMDAwMDAwMDAsImRlbGV0ZSI6NjAwMDAwMDAwMDAwfX0=",
          "dependencies": [
            "alicloud_vpc.default"
          ]
        },
        {
          "index_key": 2,
          "schema_version": 0,
          "attributes": {
            "availability_zone": "ap-southeast-1c",
            "cidr_block": "172.16.4.0/23",
            "description": "",
            "enable_ipv6": null,
            "id": "vsw-t4n7fwu3ff1b96c0gohj9",
            "ipv6_cidr_block": "",
            "ipv6_cidr_block_mask": null,
            "name": "",
            "status": "Available",
            "tags": {},
            "timeouts": null,
            "vpc_id": "vpc-t4np6e8a2uosljpnkffeh",
            "vswitch_name": "",
            "zone_id": "ap-southeast-1c"
          },
          "sensitive_attributes": [],
          "private": "eyJlMmJmYjczMC1lY2FhLTExZTYtOGY4OC0zNDM2M2JjN2M0YzAiOnsiY3JlYXRlIjo2MDAwMDAwMDAwMDAsImRlbGV0ZSI6NjAwMDAwMDAwMDAwfX0=",
          "dependencies": [
            "alicloud_vpc.default"
          ]
        }
      ]
    },
    {
      "mode": "managed",
      "type": "kubernetes_deployment",
      "name": "nginx_deployment_basic",
      "provider": "provider[\"registry.terraform.io/hashicorp/kubernetes\"]",
      "instances": [
        {
          "schema_version": 1,
          "attributes": {
            "id": "default/nginx-deployment-basic",
            "metadata": [
              {
                "annotations": {},
                "generate_name": "",
                "generation": 1,
                "labels": {
                  "app": "nginx"
                },
                "name": "nginx-deployment-basic",
                "namespace": "default",
                "resource_version": "119629",
                "uid": "2c2e8caa-ec25-438f-ac39-60ab5d85be6a"
              }
            ],
            "spec": [
              {
                "min_ready_seconds": 0,
                "paused": false,
                "progress_deadline_seconds": 600,
                "replicas": "2",
                "revision_history_limit": 10,
                "selector": [
                  {
                    "match_expressions": [],
                    "match_labels": {
                      "app": "nginx"
                    }
                  }
                ],
                "strategy": [
                  {
                    "rolling_update": [
                      {
                        "max_surge": "25%",
                        "max_unavailable": "25%"
                      }
                    ],
                    "type": "RollingUpdate"
                  }
                ],
                "template": [
                  {
                    "metadata": [
                      {
                        "annotations": {},
                        "generate_name": "",
                        "generation": 0,
                        "labels": {
                          "app": "nginx"
                        },
                        "name": "",
                        "namespace": "",
                        "resource_version": "",
                        "uid": ""
                      }
                    ],
                    "spec": [
                      {
                        "active_deadline_seconds": 0,
                        "affinity": [],
                        "automount_service_account_token": true,
                        "container": [
                          {
                            "args": [],
                            "command": [],
                            "env": [],
                            "env_from": [],
                            "image": "nginx:1.7.9",
                            "image_pull_policy": "IfNotPresent",
                            "lifecycle": [],
                            "liveness_probe": [],
                            "name": "nginx",
                            "port": [
                              {
                                "container_port": 80,
                                "host_ip": "",
                                "host_port": 0,
                                "name": "",
                                "protocol": "TCP"
                              }
                            ],
                            "readiness_probe": [],
                            "resources": [
                              {
                                "limits": {
                                  "cpu": "500m"
                                },
                                "requests": {}
                              }
                            ],
                            "security_context": [],
                            "startup_probe": [],
                            "stdin": false,
                            "stdin_once": false,
                            "termination_message_path": "/dev/termination-log",
                            "termination_message_policy": "File",
                            "tty": false,
                            "volume_mount": [],
                            "working_dir": ""
                          }
                        ],
                        "dns_config": [],
                        "dns_policy": "ClusterFirst",
                        "enable_service_links": true,
                        "host_aliases": [],
                        "host_ipc": false,
                        "host_network": false,
                        "host_pid": false,
                        "hostname": "",
                        "image_pull_secrets": [],
                        "init_container": [],
                        "node_name": "",
                        "node_selector": {},
                        "priority_class_name": "",
                        "readiness_gate": [],
                        "restart_policy": "Always",
                        "runtime_class_name": "",
                        "scheduler_name": "default-scheduler",
                        "security_context": [],
                        "service_account_name": "",
                        "share_process_namespace": false,
                        "subdomain": "",
                        "termination_grace_period_seconds": 30,
                        "toleration": [],
                        "topology_spread_constraint": [],
                        "volume": []
                      }
                    ]
                  }
                ]
              }
            ],
            "timeouts": null,
            "wait_for_rollout": true
          },
          "sensitive_attributes": [],
          "private": "eyJlMmJmYjczMC1lY2FhLTExZTYtOGY4OC0zNDM2M2JjN2M0YzAiOnsiY3JlYXRlIjo2MDAwMDAwMDAwMDAsImRlbGV0ZSI6NjAwMDAwMDAwMDAwLCJ1cGRhdGUiOjYwMDAwMDAwMDAwMH0sInNjaGVtYV92ZXJzaW9uIjoiMSJ9"
        }
      ]
    },
    {
      "mode": "managed",
      "type": "random_uuid",
      "name": "this",
      "provider": "provider[\"registry.terraform.io/hashicorp/random\"]",
      "instances": [
        {
          "schema_version": 0,
          "attributes": {
            "id": "e9a0fdb3-9410-22ff-f048-d0cb53fb475d",
            "keepers": null,
            "result": "e9a0fdb3-9410-22ff-f048-d0cb53fb475d"
          },
          "sensitive_attributes": []
        }
      ]
    }
  ],
  "check_results": null
}
